
Microsoft Visual Studio Solution File, Format Version 12.00
# Visual Studio Version 17
VisualStudioVersion = 17.11.35219.272
MinimumVisualStudioVersion = 10.0.40219.1
Project("{FAE04EC0-301F-11D3-BF4B-00C04F79EFBC}") = "PracticadeCampo2", "PracticadeCampo2.csproj", "{38232847-3AFC-40A9-9F56-BA881C727FD6}"
EndProject
Global
	GlobalSection(SolutionConfigurationPlatforms) = preSolution
		Debug|Any CPU = Debug|Any CPU
		Release|Any CPU = Release|Any CPU
	EndGlobalSection
	GlobalSection(ProjectConfigurationPlatforms) = postSolution
		{38232847-3AFC-40A9-9F56-BA881C727FD6}.Debug|Any CPU.ActiveCfg = Debug|Any CPU
		{38232847-3AFC-40A9-9F56-BA881C727FD6}.Debug|Any CPU.Build.0 = Debug|Any CPU
		{38232847-3AFC-40A9-9F56-BA881C727FD6}.Release|Any CPU.ActiveCfg = Release|Any CPU
		{38232847-3AFC-40A9-9F56-BA881C727FD6}.Release|Any CPU.Build.0 = Release|Any CPU
	EndGlobalSection
	GlobalSection(SolutionProperties) = preSolution
		HideSolutionNode = FALSE
	EndGlobalSection
	GlobalSection(ExtensibilityGlobals) = postSolution
		SolutionGuid = {8A8C5A64-4485-4285-A3AB-A9F6DE9303F0}
	EndGlobalSection
EndGlobal
